
Microsoft Visual Studio Solution File, Format Version 12.00
# Visual Studio 2013
VisualStudioVersion = 12.0.31101.0
MinimumVisualStudioVersion = 10.0.40219.1
Project("{9092AA53-FB77-4645-B42D-1CCCA6BD08BD}") = "TheTetevenTrip", "NodejsConsoleApp1\TheTetevenTrip.njsproj", "{96BF7D70-ED9E-470B-A0B2-1ABEDB96DE47}"
EndProject
Project("{9092AA53-FB77-4645-B42D-1CCCA6BD08BD}") = "UseYourChainsBuddy", "UseYourChainsBuddy\UseYourChainsBuddy.njsproj", "{A631937E-D012-42EC-BA4A-36C82D25FCF0}"
EndProject
Project("{9092AA53-FB77-4645-B42D-1CCCA6BD08BD}") = "Parachute", "Parachute\Parachute.njsproj", "{4310B039-C495-4F33-9C42-72FA483B2ABB}"
EndProject
Global
	GlobalSection(SolutionConfigurationPlatforms) = preSolution
		Debug|Any CPU = Debug|Any CPU
		Release|Any CPU = Release|Any CPU
	EndGlobalSection
	GlobalSection(ProjectConfigurationPlatforms) = postSolution
		{96BF7D70-ED9E-470B-A0B2-1ABEDB96DE47}.Debug|Any CPU.ActiveCfg = Debug|Any CPU
		{96BF7D70-ED9E-470B-A0B2-1ABEDB96DE47}.Debug|Any CPU.Build.0 = Debug|Any CPU
		{96BF7D70-ED9E-470B-A0B2-1ABEDB96DE47}.Release|Any CPU.ActiveCfg = Release|Any CPU
		{96BF7D70-ED9E-470B-A0B2-1ABEDB96DE47}.Release|Any CPU.Build.0 = Release|Any CPU
		{A631937E-D012-42EC-BA4A-36C82D25FCF0}.Debug|Any CPU.ActiveCfg = Debug|Any CPU
		{A631937E-D012-42EC-BA4A-36C82D25FCF0}.Debug|Any CPU.Build.0 = Debug|Any CPU
		{A631937E-D012-42EC-BA4A-36C82D25FCF0}.Release|Any CPU.ActiveCfg = Release|Any CPU
		{A631937E-D012-42EC-BA4A-36C82D25FCF0}.Release|Any CPU.Build.0 = Release|Any CPU
		{4310B039-C495-4F33-9C42-72FA483B2ABB}.Debug|Any CPU.ActiveCfg = Debug|Any CPU
		{4310B039-C495-4F33-9C42-72FA483B2ABB}.Debug|Any CPU.Build.0 = Debug|Any CPU
		{4310B039-C495-4F33-9C42-72FA483B2ABB}.Release|Any CPU.ActiveCfg = Release|Any CPU
		{4310B039-C495-4F33-9C42-72FA483B2ABB}.Release|Any CPU.Build.0 = Release|Any CPU
	EndGlobalSection
	GlobalSection(SolutionProperties) = preSolution
		HideSolutionNode = FALSE
	EndGlobalSection
EndGlobal
