
Microsoft Visual Studio Solution File, Format Version 12.00
# Visual Studio 2013
VisualStudioVersion = 12.0.31101.0
MinimumVisualStudioVersion = 10.0.40219.1
Project("{FAE04EC0-301F-11D3-BF4B-00C04F79EFBC}") = "DbContext", "DbContext\DbContext.csproj", "{5945C935-72C6-4749-BA31-D876FC2F6576}"
EndProject
Project("{FAE04EC0-301F-11D3-BF4B-00C04F79EFBC}") = "EmployeeDAOClass", "EmployeeDAOClass\EmployeeDAOClass.csproj", "{765E5E32-7F24-4B87-A9B2-4CC025D4CE68}"
EndProject
Global
	GlobalSection(SolutionConfigurationPlatforms) = preSolution
		Debug|Any CPU = Debug|Any CPU
		Release|Any CPU = Release|Any CPU
	EndGlobalSection
	GlobalSection(ProjectConfigurationPlatforms) = postSolution
		{5945C935-72C6-4749-BA31-D876FC2F6576}.Debug|Any CPU.ActiveCfg = Debug|Any CPU
		{5945C935-72C6-4749-BA31-D876FC2F6576}.Debug|Any CPU.Build.0 = Debug|Any CPU
		{5945C935-72C6-4749-BA31-D876FC2F6576}.Release|Any CPU.ActiveCfg = Release|Any CPU
		{5945C935-72C6-4749-BA31-D876FC2F6576}.Release|Any CPU.Build.0 = Release|Any CPU
		{765E5E32-7F24-4B87-A9B2-4CC025D4CE68}.Debug|Any CPU.ActiveCfg = Debug|Any CPU
		{765E5E32-7F24-4B87-A9B2-4CC025D4CE68}.Debug|Any CPU.Build.0 = Debug|Any CPU
		{765E5E32-7F24-4B87-A9B2-4CC025D4CE68}.Release|Any CPU.ActiveCfg = Release|Any CPU
		{765E5E32-7F24-4B87-A9B2-4CC025D4CE68}.Release|Any CPU.Build.0 = Release|Any CPU
	EndGlobalSection
	GlobalSection(SolutionProperties) = preSolution
		HideSolutionNode = FALSE
	EndGlobalSection
EndGlobal
